
Microsoft Visual Studio Solution File, Format Version 12.00
# Visual Studio Version 16
VisualStudioVersion = 16.0.30907.101
MinimumVisualStudioVersion = 10.0.40219.1
Project("{9A19103F-16F7-4668-BE54-9A1E7A4F7556}") = "KampIntro", "KampIntro\KampIntro.csproj", "{D6214ACA-A1A1-4A42-A49A-3E7874B070E0}"
EndProject
Project("{9A19103F-16F7-4668-BE54-9A1E7A4F7556}") = "Donguler", "Donguler\Donguler.csproj", "{C9711DFD-0B57-43A7-8144-B3A9F164836F}"
EndProject
Project("{9A19103F-16F7-4668-BE54-9A1E7A4F7556}") = "ClassIntro", "ClassIntro\ClassIntro.csproj", "{0297EA45-FED2-45E0-BB60-38C7B8A0D3EB}"
EndProject
Project("{FAE04EC0-301F-11D3-BF4B-00C04F79EFBC}") = "Metotlar", "Metotlar\Metotlar.csproj", "{89DE2E1B-8EE0-4C39-A511-C13AB18F4D90}"
EndProject
Project("{FAE04EC0-301F-11D3-BF4B-00C04F79EFBC}") = "Matematik", "Matematik\Matematik.csproj", "{A39A4FCC-0041-44AE-B6A1-1F6B66C4B4C5}"
EndProject
Project("{FAE04EC0-301F-11D3-BF4B-00C04F79EFBC}") = "DegerVeReferansTipler", "DegerVeReferansTipler\DegerVeReferansTipler.csproj", "{7299B530-305D-4258-8469-3C54DA8B41BB}"
EndProject
Global
	GlobalSection(SolutionConfigurationPlatforms) = preSolution
		Debug|Any CPU = Debug|Any CPU
		Release|Any CPU = Release|Any CPU
	EndGlobalSection
	GlobalSection(ProjectConfigurationPlatforms) = postSolution
		{D6214ACA-A1A1-4A42-A49A-3E7874B070E0}.Debug|Any CPU.ActiveCfg = Debug|Any CPU
		{D6214ACA-A1A1-4A42-A49A-3E7874B070E0}.Debug|Any CPU.Build.0 = Debug|Any CPU
		{D6214ACA-A1A1-4A42-A49A-3E7874B070E0}.Release|Any CPU.ActiveCfg = Release|Any CPU
		{D6214ACA-A1A1-4A42-A49A-3E7874B070E0}.Release|Any CPU.Build.0 = Release|Any CPU
		{C9711DFD-0B57-43A7-8144-B3A9F164836F}.Debug|Any CPU.ActiveCfg = Debug|Any CPU
		{C9711DFD-0B57-43A7-8144-B3A9F164836F}.Debug|Any CPU.Build.0 = Debug|Any CPU
		{C9711DFD-0B57-43A7-8144-B3A9F164836F}.Release|Any CPU.ActiveCfg = Release|Any CPU
		{C9711DFD-0B57-43A7-8144-B3A9F164836F}.Release|Any CPU.Build.0 = Release|Any CPU
		{0297EA45-FED2-45E0-BB60-38C7B8A0D3EB}.Debug|Any CPU.ActiveCfg = Debug|Any CPU
		{0297EA45-FED2-45E0-BB60-38C7B8A0D3EB}.Debug|Any CPU.Build.0 = Debug|Any CPU
		{0297EA45-FED2-45E0-BB60-38C7B8A0D3EB}.Release|Any CPU.ActiveCfg = Release|Any CPU
		{0297EA45-FED2-45E0-BB60-38C7B8A0D3EB}.Release|Any CPU.Build.0 = Release|Any CPU
		{89DE2E1B-8EE0-4C39-A511-C13AB18F4D90}.Debug|Any CPU.ActiveCfg = Debug|Any CPU
		{89DE2E1B-8EE0-4C39-A511-C13AB18F4D90}.Debug|Any CPU.Build.0 = Debug|Any CPU
		{89DE2E1B-8EE0-4C39-A511-C13AB18F4D90}.Release|Any CPU.ActiveCfg = Release|Any CPU
		{89DE2E1B-8EE0-4C39-A511-C13AB18F4D90}.Release|Any CPU.Build.0 = Release|Any CPU
		{A39A4FCC-0041-44AE-B6A1-1F6B66C4B4C5}.Debug|Any CPU.ActiveCfg = Debug|Any CPU
		{A39A4FCC-0041-44AE-B6A1-1F6B66C4B4C5}.Debug|Any CPU.Build.0 = Debug|Any CPU
		{A39A4FCC-0041-44AE-B6A1-1F6B66C4B4C5}.Release|Any CPU.ActiveCfg = Release|Any CPU
		{A39A4FCC-0041-44AE-B6A1-1F6B66C4B4C5}.Release|Any CPU.Build.0 = Release|Any CPU
		{7299B530-305D-4258-8469-3C54DA8B41BB}.Debug|Any CPU.ActiveCfg = Debug|Any CPU
		{7299B530-305D-4258-8469-3C54DA8B41BB}.Debug|Any CPU.Build.0 = Debug|Any CPU
		{7299B530-305D-4258-8469-3C54DA8B41BB}.Release|Any CPU.ActiveCfg = Release|Any CPU
		{7299B530-305D-4258-8469-3C54DA8B41BB}.Release|Any CPU.Build.0 = Release|Any CPU
	EndGlobalSection
	GlobalSection(SolutionProperties) = preSolution
		HideSolutionNode = FALSE
	EndGlobalSection
	GlobalSection(ExtensibilityGlobals) = postSolution
		SolutionGuid = {99F0D7FB-4CB8-4F8E-9B5A-1F7AA8A9810A}
	EndGlobalSection
EndGlobal
